
Microsoft Visual Studio Solution File, Format Version 12.00
# Visual Studio Express 2012 for Windows Desktop
Project("{FAE04EC0-301F-11D3-BF4B-00C04F79EFBC}") = "test", "test\test.csproj", "{0FF96070-0419-4798-BA8F-B96A89A92CBF}"
EndProject
Global
	GlobalSection(SolutionConfigurationPlatforms) = preSolution
		Debug|Any CPU = Debug|Any CPU
		Release|Any CPU = Release|Any CPU
	EndGlobalSection
	GlobalSection(ProjectConfigurationPlatforms) = postSolution
		{0FF96070-0419-4798-BA8F-B96A89A92CBF}.Debug|Any CPU.ActiveCfg = Debug|Any CPU
		{0FF96070-0419-4798-BA8F-B96A89A92CBF}.Debug|Any CPU.Build.0 = Debug|Any CPU
		{0FF96070-0419-4798-BA8F-B96A89A92CBF}.Release|Any CPU.ActiveCfg = Release|Any CPU
		{0FF96070-0419-4798-BA8F-B96A89A92CBF}.Release|Any CPU.Build.0 = Release|Any CPU
	EndGlobalSection
	GlobalSection(SolutionProperties) = preSolution
		HideSolutionNode = FALSE
	EndGlobalSection
EndGlobal
