
Microsoft Visual Studio Solution File, Format Version 12.00
# Visual Studio Express 2012 for Windows Desktop
Project("{FAE04EC0-301F-11D3-BF4B-00C04F79EFBC}") = "example 3", "example 3\example 3.csproj", "{606C8576-1A9F-454D-936A-947E73D871F5}"
EndProject
Global
	GlobalSection(SolutionConfigurationPlatforms) = preSolution
		Debug|Any CPU = Debug|Any CPU
		Release|Any CPU = Release|Any CPU
	EndGlobalSection
	GlobalSection(ProjectConfigurationPlatforms) = postSolution
		{606C8576-1A9F-454D-936A-947E73D871F5}.Debug|Any CPU.ActiveCfg = Debug|Any CPU
		{606C8576-1A9F-454D-936A-947E73D871F5}.Debug|Any CPU.Build.0 = Debug|Any CPU
		{606C8576-1A9F-454D-936A-947E73D871F5}.Release|Any CPU.ActiveCfg = Release|Any CPU
		{606C8576-1A9F-454D-936A-947E73D871F5}.Release|Any CPU.Build.0 = Release|Any CPU
	EndGlobalSection
	GlobalSection(SolutionProperties) = preSolution
		HideSolutionNode = FALSE
	EndGlobalSection
EndGlobal
