
Microsoft Visual Studio Solution File, Format Version 12.00
# Visual Studio Express 2012 for Windows Desktop
Project("{8BC9CEB8-8B4A-11D0-8D11-00A0C91BC942}") = "Rac_dr", "Rac_dr\Rac_dr.vcxproj", "{00F3E66A-FD92-408F-9B1D-4699EBA67533}"
EndProject
Global
	GlobalSection(SolutionConfigurationPlatforms) = preSolution
		Debug|Win32 = Debug|Win32
		Release|Win32 = Release|Win32
	EndGlobalSection
	GlobalSection(ProjectConfigurationPlatforms) = postSolution
		{00F3E66A-FD92-408F-9B1D-4699EBA67533}.Debug|Win32.ActiveCfg = Debug|Win32
		{00F3E66A-FD92-408F-9B1D-4699EBA67533}.Debug|Win32.Build.0 = Debug|Win32
		{00F3E66A-FD92-408F-9B1D-4699EBA67533}.Release|Win32.ActiveCfg = Release|Win32
		{00F3E66A-FD92-408F-9B1D-4699EBA67533}.Release|Win32.Build.0 = Release|Win32
	EndGlobalSection
	GlobalSection(SolutionProperties) = preSolution
		HideSolutionNode = FALSE
	EndGlobalSection
EndGlobal
