
Microsoft Visual Studio Solution File, Format Version 12.00
# Visual Studio Express 2012 for Windows Desktop
Project("{8BC9CEB8-8B4A-11D0-8D11-00A0C91BC942}") = "mass_bez_povtor", "mass_bez_povtor\mass_bez_povtor.vcxproj", "{4935484B-416D-4661-BDBD-1CA6FF245043}"
EndProject
Global
	GlobalSection(SolutionConfigurationPlatforms) = preSolution
		Debug|Win32 = Debug|Win32
		Release|Win32 = Release|Win32
	EndGlobalSection
	GlobalSection(ProjectConfigurationPlatforms) = postSolution
		{4935484B-416D-4661-BDBD-1CA6FF245043}.Debug|Win32.ActiveCfg = Debug|Win32
		{4935484B-416D-4661-BDBD-1CA6FF245043}.Debug|Win32.Build.0 = Debug|Win32
		{4935484B-416D-4661-BDBD-1CA6FF245043}.Release|Win32.ActiveCfg = Release|Win32
		{4935484B-416D-4661-BDBD-1CA6FF245043}.Release|Win32.Build.0 = Release|Win32
	EndGlobalSection
	GlobalSection(SolutionProperties) = preSolution
		HideSolutionNode = FALSE
	EndGlobalSection
EndGlobal
