
Microsoft Visual Studio Solution File, Format Version 12.00
# Visual Studio Express 2012 for Windows Desktop
Project("{FAE04EC0-301F-11D3-BF4B-00C04F79EFBC}") = "activ", "activ\activ.csproj", "{59F39403-6D36-4A6C-81DF-266D4B6726FD}"
EndProject
Global
	GlobalSection(SolutionConfigurationPlatforms) = preSolution
		Debug|Any CPU = Debug|Any CPU
		Release|Any CPU = Release|Any CPU
	EndGlobalSection
	GlobalSection(ProjectConfigurationPlatforms) = postSolution
		{59F39403-6D36-4A6C-81DF-266D4B6726FD}.Debug|Any CPU.ActiveCfg = Debug|Any CPU
		{59F39403-6D36-4A6C-81DF-266D4B6726FD}.Debug|Any CPU.Build.0 = Debug|Any CPU
		{59F39403-6D36-4A6C-81DF-266D4B6726FD}.Release|Any CPU.ActiveCfg = Release|Any CPU
		{59F39403-6D36-4A6C-81DF-266D4B6726FD}.Release|Any CPU.Build.0 = Release|Any CPU
	EndGlobalSection
	GlobalSection(SolutionProperties) = preSolution
		HideSolutionNode = FALSE
	EndGlobalSection
EndGlobal
